
Microsoft Visual Studio Solution File, Format Version 12.00
# Visual Studio Version 16
VisualStudioVersion = 16.0.31702.278
MinimumVisualStudioVersion = 10.0.40219.1
Project("{FAE04EC0-301F-11D3-BF4B-00C04F79EFBC}") = "DocumentTemplateMaker.NET", "DocumentTemplateMaker.NET.csproj", "{37D4F352-4C33-4916-8BA4-A10812B4F5EC}"
EndProject
Global
	GlobalSection(SolutionConfigurationPlatforms) = preSolution
		Debug|Any CPU = Debug|Any CPU
		Release|Any CPU = Release|Any CPU
	EndGlobalSection
	GlobalSection(ProjectConfigurationPlatforms) = postSolution
		{37D4F352-4C33-4916-8BA4-A10812B4F5EC}.Debug|Any CPU.ActiveCfg = Debug|Any CPU
		{37D4F352-4C33-4916-8BA4-A10812B4F5EC}.Debug|Any CPU.Build.0 = Debug|Any CPU
		{37D4F352-4C33-4916-8BA4-A10812B4F5EC}.Release|Any CPU.ActiveCfg = Release|Any CPU
		{37D4F352-4C33-4916-8BA4-A10812B4F5EC}.Release|Any CPU.Build.0 = Release|Any CPU
	EndGlobalSection
	GlobalSection(SolutionProperties) = preSolution
		HideSolutionNode = FALSE
	EndGlobalSection
	GlobalSection(ExtensibilityGlobals) = postSolution
		SolutionGuid = {856D6EDA-5F9B-440E-9E49-3696AA8D9B98}
	EndGlobalSection
EndGlobal
